
Microsoft Visual Studio Solution File, Format Version 12.00
# Visual Studio Version 17
VisualStudioVersion = 17.1.32414.318
MinimumVisualStudioVersion = 10.0.40219.1
Project("{9A19103F-16F7-4668-BE54-9A1E7A4F7556}") = "TestProject1", "TestProject1\TestProject1.csproj", "{2822FBDE-B6EB-4E2C-BF0C-6E305EAE147F}"
EndProject
Project("{9A19103F-16F7-4668-BE54-9A1E7A4F7556}") = "BlazorApp1", "BlazorApp1\BlazorApp1.csproj", "{AABB11B0-5A02-440E-8828-1BEE8F4925F0}"
EndProject
Global
	GlobalSection(SolutionConfigurationPlatforms) = preSolution
		Debug|Any CPU = Debug|Any CPU
		Release|Any CPU = Release|Any CPU
	EndGlobalSection
	GlobalSection(ProjectConfigurationPlatforms) = postSolution
		{2822FBDE-B6EB-4E2C-BF0C-6E305EAE147F}.Debug|Any CPU.ActiveCfg = Debug|Any CPU
		{2822FBDE-B6EB-4E2C-BF0C-6E305EAE147F}.Debug|Any CPU.Build.0 = Debug|Any CPU
		{2822FBDE-B6EB-4E2C-BF0C-6E305EAE147F}.Release|Any CPU.ActiveCfg = Release|Any CPU
		{2822FBDE-B6EB-4E2C-BF0C-6E305EAE147F}.Release|Any CPU.Build.0 = Release|Any CPU
		{AABB11B0-5A02-440E-8828-1BEE8F4925F0}.Debug|Any CPU.ActiveCfg = Debug|Any CPU
		{AABB11B0-5A02-440E-8828-1BEE8F4925F0}.Debug|Any CPU.Build.0 = Debug|Any CPU
		{AABB11B0-5A02-440E-8828-1BEE8F4925F0}.Release|Any CPU.ActiveCfg = Release|Any CPU
		{AABB11B0-5A02-440E-8828-1BEE8F4925F0}.Release|Any CPU.Build.0 = Release|Any CPU
	EndGlobalSection
	GlobalSection(SolutionProperties) = preSolution
		HideSolutionNode = FALSE
	EndGlobalSection
	GlobalSection(ExtensibilityGlobals) = postSolution
		SolutionGuid = {1710FC5C-DC18-47C6-9D33-DF0DD27A94CE}
	EndGlobalSection
EndGlobal
